
Microsoft Visual Studio Solution File, Format Version 12.00
# Visual Studio Version 16
VisualStudioVersion = 16.0.30804.86
MinimumVisualStudioVersion = 10.0.40219.1
Project("{888888A0-9F3D-457C-B088-3A5042F75D52}") = "NYC Restaurant Locator New", "NYC Restaurant Locator New\NYC Restaurant Locator New.pyproj", "{3483D47D-09BA-46BA-9B1A-831AA82064B7}"
EndProject
Global
	GlobalSection(SolutionConfigurationPlatforms) = preSolution
		Debug|Any CPU = Debug|Any CPU
		Release|Any CPU = Release|Any CPU
	EndGlobalSection
	GlobalSection(ProjectConfigurationPlatforms) = postSolution
		{3483D47D-09BA-46BA-9B1A-831AA82064B7}.Debug|Any CPU.ActiveCfg = Debug|Any CPU
		{3483D47D-09BA-46BA-9B1A-831AA82064B7}.Debug|Any CPU.Build.0 = Debug|Any CPU
		{3483D47D-09BA-46BA-9B1A-831AA82064B7}.Release|Any CPU.ActiveCfg = Release|Any CPU
		{3483D47D-09BA-46BA-9B1A-831AA82064B7}.Release|Any CPU.Build.0 = Release|Any CPU
	EndGlobalSection
	GlobalSection(SolutionProperties) = preSolution
		HideSolutionNode = FALSE
	EndGlobalSection
	GlobalSection(ExtensibilityGlobals) = postSolution
		SolutionGuid = {03B8D4E0-A3AF-4266-A8AA-F3DE96196E81}
	EndGlobalSection
EndGlobal
